
Microsoft Visual Studio Solution File, Format Version 11.00
# Visual Studio 2010
Project("{FAE04EC0-301F-11D3-BF4B-00C04F79EFBC}") = "Autofac.AttributeRegistration", "Autofac.AttributeRegistration\Autofac.AttributeRegistration.csproj", "{D796BF19-A6F7-4B44-AA2B-3723095B221B}"
EndProject
Project("{FAE04EC0-301F-11D3-BF4B-00C04F79EFBC}") = "Tests", "Tests\Tests.csproj", "{2AD5E085-2FA3-4A5A-9608-32C4EE3CAF8B}"
EndProject
Global
	GlobalSection(SolutionConfigurationPlatforms) = preSolution
		Debug|Any CPU = Debug|Any CPU
		Release|Any CPU = Release|Any CPU
	EndGlobalSection
	GlobalSection(ProjectConfigurationPlatforms) = postSolution
		{D796BF19-A6F7-4B44-AA2B-3723095B221B}.Debug|Any CPU.ActiveCfg = Debug|Any CPU
		{D796BF19-A6F7-4B44-AA2B-3723095B221B}.Debug|Any CPU.Build.0 = Debug|Any CPU
		{D796BF19-A6F7-4B44-AA2B-3723095B221B}.Release|Any CPU.ActiveCfg = Release|Any CPU
		{D796BF19-A6F7-4B44-AA2B-3723095B221B}.Release|Any CPU.Build.0 = Release|Any CPU
		{2AD5E085-2FA3-4A5A-9608-32C4EE3CAF8B}.Debug|Any CPU.ActiveCfg = Debug|Any CPU
		{2AD5E085-2FA3-4A5A-9608-32C4EE3CAF8B}.Debug|Any CPU.Build.0 = Debug|Any CPU
		{2AD5E085-2FA3-4A5A-9608-32C4EE3CAF8B}.Release|Any CPU.ActiveCfg = Release|Any CPU
		{2AD5E085-2FA3-4A5A-9608-32C4EE3CAF8B}.Release|Any CPU.Build.0 = Release|Any CPU
	EndGlobalSection
	GlobalSection(SolutionProperties) = preSolution
		HideSolutionNode = FALSE
	EndGlobalSection
EndGlobal
