
Microsoft Visual Studio Solution File, Format Version 12.00
# Visual Studio 2012
Project("{FAE04EC0-301F-11D3-BF4B-00C04F79EFBC}") = "Tests", "Tests\Tests.csproj", "{2AD5E085-2FA3-4A5A-9608-32C4EE3CAF8B}"
EndProject
Project("{2150E333-8FDC-42A3-9474-1A3956D46DE8}") = ".nuget", ".nuget", "{128A3279-4242-4F59-A411-2F90E48F6B43}"
	ProjectSection(SolutionItems) = preProject
		.nuget\NuGet.Config = .nuget\NuGet.Config
		.nuget\NuGet.exe = .nuget\NuGet.exe
		.nuget\NuGet.targets = .nuget\NuGet.targets
	EndProjectSection
EndProject
Project("{FAE04EC0-301F-11D3-BF4B-00C04F79EFBC}") = "Autofac.AttributeRegistration", "Autofac.AttributeRegistration\Autofac.AttributeRegistration.csproj", "{8EE811D4-22C2-4963-9781-77BD814DB74D}"
EndProject
Global
	GlobalSection(SolutionConfigurationPlatforms) = preSolution
		Debug|Any CPU = Debug|Any CPU
		Debug|ARM = Debug|ARM
		Debug|x64 = Debug|x64
		Debug|x86 = Debug|x86
		Release|Any CPU = Release|Any CPU
		Release|ARM = Release|ARM
		Release|x64 = Release|x64
		Release|x86 = Release|x86
	EndGlobalSection
	GlobalSection(ProjectConfigurationPlatforms) = postSolution
		{2AD5E085-2FA3-4A5A-9608-32C4EE3CAF8B}.Debug|Any CPU.ActiveCfg = Debug|Any CPU
		{2AD5E085-2FA3-4A5A-9608-32C4EE3CAF8B}.Debug|Any CPU.Build.0 = Debug|Any CPU
		{2AD5E085-2FA3-4A5A-9608-32C4EE3CAF8B}.Debug|ARM.ActiveCfg = Debug|Any CPU
		{2AD5E085-2FA3-4A5A-9608-32C4EE3CAF8B}.Debug|x64.ActiveCfg = Debug|Any CPU
		{2AD5E085-2FA3-4A5A-9608-32C4EE3CAF8B}.Debug|x86.ActiveCfg = Debug|Any CPU
		{2AD5E085-2FA3-4A5A-9608-32C4EE3CAF8B}.Release|Any CPU.ActiveCfg = Release|Any CPU
		{2AD5E085-2FA3-4A5A-9608-32C4EE3CAF8B}.Release|Any CPU.Build.0 = Release|Any CPU
		{2AD5E085-2FA3-4A5A-9608-32C4EE3CAF8B}.Release|ARM.ActiveCfg = Release|Any CPU
		{2AD5E085-2FA3-4A5A-9608-32C4EE3CAF8B}.Release|x64.ActiveCfg = Release|Any CPU
		{2AD5E085-2FA3-4A5A-9608-32C4EE3CAF8B}.Release|x86.ActiveCfg = Release|Any CPU
		{8EE811D4-22C2-4963-9781-77BD814DB74D}.Debug|Any CPU.ActiveCfg = Debug|Any CPU
		{8EE811D4-22C2-4963-9781-77BD814DB74D}.Debug|Any CPU.Build.0 = Debug|Any CPU
		{8EE811D4-22C2-4963-9781-77BD814DB74D}.Debug|ARM.ActiveCfg = Debug|Any CPU
		{8EE811D4-22C2-4963-9781-77BD814DB74D}.Debug|x64.ActiveCfg = Debug|Any CPU
		{8EE811D4-22C2-4963-9781-77BD814DB74D}.Debug|x86.ActiveCfg = Debug|Any CPU
		{8EE811D4-22C2-4963-9781-77BD814DB74D}.Release|Any CPU.ActiveCfg = Release|Any CPU
		{8EE811D4-22C2-4963-9781-77BD814DB74D}.Release|Any CPU.Build.0 = Release|Any CPU
		{8EE811D4-22C2-4963-9781-77BD814DB74D}.Release|ARM.ActiveCfg = Release|Any CPU
		{8EE811D4-22C2-4963-9781-77BD814DB74D}.Release|x64.ActiveCfg = Release|Any CPU
		{8EE811D4-22C2-4963-9781-77BD814DB74D}.Release|x86.ActiveCfg = Release|Any CPU
	EndGlobalSection
	GlobalSection(SolutionProperties) = preSolution
		HideSolutionNode = FALSE
	EndGlobalSection
EndGlobal
