
Microsoft Visual Studio Solution File, Format Version 12.00
# Visual Studio 2012
Project("{2150E333-8FDC-42A3-9474-1A3956D46DE8}") = ".nuget", ".nuget", "{28779233-6623-4DEC-8D00-0AB15D7F6C46}"
	ProjectSection(SolutionItems) = preProject
		.nuget\NuGet.Config = .nuget\NuGet.Config
		.nuget\NuGet.exe = .nuget\NuGet.exe
		.nuget\NuGet.targets = .nuget\NuGet.targets
	EndProjectSection
EndProject
Project("{2150E333-8FDC-42A3-9474-1A3956D46DE8}") = "Solution Items", "Solution Items", "{A8E7ACD7-8D19-4A0D-9F41-7EB90F115DB3}"
EndProject
Project("{FAE04EC0-301F-11D3-BF4B-00C04F79EFBC}") = "WinPhone8Test", "WinPhone8Test\WinPhone8Test.csproj", "{DC7AA121-6A18-4276-B57E-406B0313F49A}"
EndProject
Project("{FAE04EC0-301F-11D3-BF4B-00C04F79EFBC}") = "Net45Test", "Net45Test\Net45Test.csproj", "{33521438-524D-407D-B1FE-CA4B9789B202}"
EndProject
Project("{FAE04EC0-301F-11D3-BF4B-00C04F79EFBC}") = "Net4Test", "Net4Test\Net4Test.csproj", "{E11CE9DF-5AB2-4056-8660-2F2071E69A13}"
EndProject
Project("{FAE04EC0-301F-11D3-BF4B-00C04F79EFBC}") = "Net4ClientProfileTest", "Net4ClientProfileTest\Net4ClientProfileTest.csproj", "{7C33205E-6232-4097-BEF6-EC15A2833DCA}"
EndProject
Project("{FAE04EC0-301F-11D3-BF4B-00C04F79EFBC}") = "Silverlight5Test", "Silverlight5Test\Silverlight5Test.csproj", "{61461F1D-CCC6-4A99-9253-90CC38BE852C}"
EndProject
Project("{FAE04EC0-301F-11D3-BF4B-00C04F79EFBC}") = "WindowsStoreTest", "WindowsStoreTest\WindowsStoreTest.csproj", "{08EBDA1D-ABCD-4666-8D47-F1DC45F98C43}"
EndProject
Project("{FAE04EC0-301F-11D3-BF4B-00C04F79EFBC}") = "WindowsRuntimeComponentTest", "WindowsRuntimeComponentTest\WindowsRuntimeComponentTest.csproj", "{93F5C37F-A3B3-4E3E-8367-87B52F27D153}"
EndProject
Global
	GlobalSection(SolutionConfigurationPlatforms) = preSolution
		Debug|Any CPU = Debug|Any CPU
		Debug|ARM = Debug|ARM
		Debug|x64 = Debug|x64
		Debug|x86 = Debug|x86
		Release|Any CPU = Release|Any CPU
		Release|ARM = Release|ARM
		Release|x64 = Release|x64
		Release|x86 = Release|x86
	EndGlobalSection
	GlobalSection(ProjectConfigurationPlatforms) = postSolution
		{DC7AA121-6A18-4276-B57E-406B0313F49A}.Debug|Any CPU.ActiveCfg = Debug|Any CPU
		{DC7AA121-6A18-4276-B57E-406B0313F49A}.Debug|Any CPU.Build.0 = Debug|Any CPU
		{DC7AA121-6A18-4276-B57E-406B0313F49A}.Debug|Any CPU.Deploy.0 = Debug|Any CPU
		{DC7AA121-6A18-4276-B57E-406B0313F49A}.Debug|ARM.ActiveCfg = Debug|ARM
		{DC7AA121-6A18-4276-B57E-406B0313F49A}.Debug|ARM.Build.0 = Debug|ARM
		{DC7AA121-6A18-4276-B57E-406B0313F49A}.Debug|ARM.Deploy.0 = Debug|ARM
		{DC7AA121-6A18-4276-B57E-406B0313F49A}.Debug|x64.ActiveCfg = Debug|Any CPU
		{DC7AA121-6A18-4276-B57E-406B0313F49A}.Debug|x86.ActiveCfg = Debug|x86
		{DC7AA121-6A18-4276-B57E-406B0313F49A}.Debug|x86.Build.0 = Debug|x86
		{DC7AA121-6A18-4276-B57E-406B0313F49A}.Debug|x86.Deploy.0 = Debug|x86
		{DC7AA121-6A18-4276-B57E-406B0313F49A}.Release|Any CPU.ActiveCfg = Release|Any CPU
		{DC7AA121-6A18-4276-B57E-406B0313F49A}.Release|Any CPU.Build.0 = Release|Any CPU
		{DC7AA121-6A18-4276-B57E-406B0313F49A}.Release|Any CPU.Deploy.0 = Release|Any CPU
		{DC7AA121-6A18-4276-B57E-406B0313F49A}.Release|ARM.ActiveCfg = Release|ARM
		{DC7AA121-6A18-4276-B57E-406B0313F49A}.Release|ARM.Build.0 = Release|ARM
		{DC7AA121-6A18-4276-B57E-406B0313F49A}.Release|ARM.Deploy.0 = Release|ARM
		{DC7AA121-6A18-4276-B57E-406B0313F49A}.Release|x64.ActiveCfg = Release|Any CPU
		{DC7AA121-6A18-4276-B57E-406B0313F49A}.Release|x86.ActiveCfg = Release|x86
		{DC7AA121-6A18-4276-B57E-406B0313F49A}.Release|x86.Build.0 = Release|x86
		{DC7AA121-6A18-4276-B57E-406B0313F49A}.Release|x86.Deploy.0 = Release|x86
		{33521438-524D-407D-B1FE-CA4B9789B202}.Debug|Any CPU.ActiveCfg = Debug|Any CPU
		{33521438-524D-407D-B1FE-CA4B9789B202}.Debug|Any CPU.Build.0 = Debug|Any CPU
		{33521438-524D-407D-B1FE-CA4B9789B202}.Debug|ARM.ActiveCfg = Debug|Any CPU
		{33521438-524D-407D-B1FE-CA4B9789B202}.Debug|x64.ActiveCfg = Debug|Any CPU
		{33521438-524D-407D-B1FE-CA4B9789B202}.Debug|x86.ActiveCfg = Debug|Any CPU
		{33521438-524D-407D-B1FE-CA4B9789B202}.Release|Any CPU.ActiveCfg = Release|Any CPU
		{33521438-524D-407D-B1FE-CA4B9789B202}.Release|Any CPU.Build.0 = Release|Any CPU
		{33521438-524D-407D-B1FE-CA4B9789B202}.Release|ARM.ActiveCfg = Release|Any CPU
		{33521438-524D-407D-B1FE-CA4B9789B202}.Release|x64.ActiveCfg = Release|Any CPU
		{33521438-524D-407D-B1FE-CA4B9789B202}.Release|x86.ActiveCfg = Release|Any CPU
		{E11CE9DF-5AB2-4056-8660-2F2071E69A13}.Debug|Any CPU.ActiveCfg = Debug|Any CPU
		{E11CE9DF-5AB2-4056-8660-2F2071E69A13}.Debug|Any CPU.Build.0 = Debug|Any CPU
		{E11CE9DF-5AB2-4056-8660-2F2071E69A13}.Debug|ARM.ActiveCfg = Debug|Any CPU
		{E11CE9DF-5AB2-4056-8660-2F2071E69A13}.Debug|x64.ActiveCfg = Debug|Any CPU
		{E11CE9DF-5AB2-4056-8660-2F2071E69A13}.Debug|x86.ActiveCfg = Debug|Any CPU
		{E11CE9DF-5AB2-4056-8660-2F2071E69A13}.Release|Any CPU.ActiveCfg = Release|Any CPU
		{E11CE9DF-5AB2-4056-8660-2F2071E69A13}.Release|Any CPU.Build.0 = Release|Any CPU
		{E11CE9DF-5AB2-4056-8660-2F2071E69A13}.Release|ARM.ActiveCfg = Release|Any CPU
		{E11CE9DF-5AB2-4056-8660-2F2071E69A13}.Release|x64.ActiveCfg = Release|Any CPU
		{E11CE9DF-5AB2-4056-8660-2F2071E69A13}.Release|x86.ActiveCfg = Release|Any CPU
		{7C33205E-6232-4097-BEF6-EC15A2833DCA}.Debug|Any CPU.ActiveCfg = Debug|Any CPU
		{7C33205E-6232-4097-BEF6-EC15A2833DCA}.Debug|Any CPU.Build.0 = Debug|Any CPU
		{7C33205E-6232-4097-BEF6-EC15A2833DCA}.Debug|ARM.ActiveCfg = Debug|Any CPU
		{7C33205E-6232-4097-BEF6-EC15A2833DCA}.Debug|x64.ActiveCfg = Debug|Any CPU
		{7C33205E-6232-4097-BEF6-EC15A2833DCA}.Debug|x86.ActiveCfg = Debug|Any CPU
		{7C33205E-6232-4097-BEF6-EC15A2833DCA}.Release|Any CPU.ActiveCfg = Release|Any CPU
		{7C33205E-6232-4097-BEF6-EC15A2833DCA}.Release|Any CPU.Build.0 = Release|Any CPU
		{7C33205E-6232-4097-BEF6-EC15A2833DCA}.Release|ARM.ActiveCfg = Release|Any CPU
		{7C33205E-6232-4097-BEF6-EC15A2833DCA}.Release|x64.ActiveCfg = Release|Any CPU
		{7C33205E-6232-4097-BEF6-EC15A2833DCA}.Release|x86.ActiveCfg = Release|Any CPU
		{61461F1D-CCC6-4A99-9253-90CC38BE852C}.Debug|Any CPU.ActiveCfg = Debug|Any CPU
		{61461F1D-CCC6-4A99-9253-90CC38BE852C}.Debug|Any CPU.Build.0 = Debug|Any CPU
		{61461F1D-CCC6-4A99-9253-90CC38BE852C}.Debug|ARM.ActiveCfg = Debug|Any CPU
		{61461F1D-CCC6-4A99-9253-90CC38BE852C}.Debug|x64.ActiveCfg = Debug|Any CPU
		{61461F1D-CCC6-4A99-9253-90CC38BE852C}.Debug|x86.ActiveCfg = Debug|Any CPU
		{61461F1D-CCC6-4A99-9253-90CC38BE852C}.Release|Any CPU.ActiveCfg = Release|Any CPU
		{61461F1D-CCC6-4A99-9253-90CC38BE852C}.Release|Any CPU.Build.0 = Release|Any CPU
		{61461F1D-CCC6-4A99-9253-90CC38BE852C}.Release|ARM.ActiveCfg = Release|Any CPU
		{61461F1D-CCC6-4A99-9253-90CC38BE852C}.Release|x64.ActiveCfg = Release|Any CPU
		{61461F1D-CCC6-4A99-9253-90CC38BE852C}.Release|x86.ActiveCfg = Release|Any CPU
		{08EBDA1D-ABCD-4666-8D47-F1DC45F98C43}.Debug|Any CPU.ActiveCfg = Debug|Any CPU
		{08EBDA1D-ABCD-4666-8D47-F1DC45F98C43}.Debug|Any CPU.Build.0 = Debug|Any CPU
		{08EBDA1D-ABCD-4666-8D47-F1DC45F98C43}.Debug|Any CPU.Deploy.0 = Debug|Any CPU
		{08EBDA1D-ABCD-4666-8D47-F1DC45F98C43}.Debug|ARM.ActiveCfg = Debug|ARM
		{08EBDA1D-ABCD-4666-8D47-F1DC45F98C43}.Debug|ARM.Build.0 = Debug|ARM
		{08EBDA1D-ABCD-4666-8D47-F1DC45F98C43}.Debug|ARM.Deploy.0 = Debug|ARM
		{08EBDA1D-ABCD-4666-8D47-F1DC45F98C43}.Debug|x64.ActiveCfg = Debug|x64
		{08EBDA1D-ABCD-4666-8D47-F1DC45F98C43}.Debug|x64.Build.0 = Debug|x64
		{08EBDA1D-ABCD-4666-8D47-F1DC45F98C43}.Debug|x64.Deploy.0 = Debug|x64
		{08EBDA1D-ABCD-4666-8D47-F1DC45F98C43}.Debug|x86.ActiveCfg = Debug|x86
		{08EBDA1D-ABCD-4666-8D47-F1DC45F98C43}.Debug|x86.Build.0 = Debug|x86
		{08EBDA1D-ABCD-4666-8D47-F1DC45F98C43}.Debug|x86.Deploy.0 = Debug|x86
		{08EBDA1D-ABCD-4666-8D47-F1DC45F98C43}.Release|Any CPU.ActiveCfg = Release|Any CPU
		{08EBDA1D-ABCD-4666-8D47-F1DC45F98C43}.Release|Any CPU.Build.0 = Release|Any CPU
		{08EBDA1D-ABCD-4666-8D47-F1DC45F98C43}.Release|Any CPU.Deploy.0 = Release|Any CPU
		{08EBDA1D-ABCD-4666-8D47-F1DC45F98C43}.Release|ARM.ActiveCfg = Release|ARM
		{08EBDA1D-ABCD-4666-8D47-F1DC45F98C43}.Release|ARM.Build.0 = Release|ARM
		{08EBDA1D-ABCD-4666-8D47-F1DC45F98C43}.Release|ARM.Deploy.0 = Release|ARM
		{08EBDA1D-ABCD-4666-8D47-F1DC45F98C43}.Release|x64.ActiveCfg = Release|x64
		{08EBDA1D-ABCD-4666-8D47-F1DC45F98C43}.Release|x64.Build.0 = Release|x64
		{08EBDA1D-ABCD-4666-8D47-F1DC45F98C43}.Release|x64.Deploy.0 = Release|x64
		{08EBDA1D-ABCD-4666-8D47-F1DC45F98C43}.Release|x86.ActiveCfg = Release|x86
		{08EBDA1D-ABCD-4666-8D47-F1DC45F98C43}.Release|x86.Build.0 = Release|x86
		{08EBDA1D-ABCD-4666-8D47-F1DC45F98C43}.Release|x86.Deploy.0 = Release|x86
		{93F5C37F-A3B3-4E3E-8367-87B52F27D153}.Debug|Any CPU.ActiveCfg = Debug|Any CPU
		{93F5C37F-A3B3-4E3E-8367-87B52F27D153}.Debug|Any CPU.Build.0 = Debug|Any CPU
		{93F5C37F-A3B3-4E3E-8367-87B52F27D153}.Debug|ARM.ActiveCfg = Debug|ARM
		{93F5C37F-A3B3-4E3E-8367-87B52F27D153}.Debug|ARM.Build.0 = Debug|ARM
		{93F5C37F-A3B3-4E3E-8367-87B52F27D153}.Debug|x64.ActiveCfg = Debug|x64
		{93F5C37F-A3B3-4E3E-8367-87B52F27D153}.Debug|x64.Build.0 = Debug|x64
		{93F5C37F-A3B3-4E3E-8367-87B52F27D153}.Debug|x86.ActiveCfg = Debug|x86
		{93F5C37F-A3B3-4E3E-8367-87B52F27D153}.Debug|x86.Build.0 = Debug|x86
		{93F5C37F-A3B3-4E3E-8367-87B52F27D153}.Release|Any CPU.ActiveCfg = Release|Any CPU
		{93F5C37F-A3B3-4E3E-8367-87B52F27D153}.Release|Any CPU.Build.0 = Release|Any CPU
		{93F5C37F-A3B3-4E3E-8367-87B52F27D153}.Release|ARM.ActiveCfg = Release|ARM
		{93F5C37F-A3B3-4E3E-8367-87B52F27D153}.Release|ARM.Build.0 = Release|ARM
		{93F5C37F-A3B3-4E3E-8367-87B52F27D153}.Release|x64.ActiveCfg = Release|x64
		{93F5C37F-A3B3-4E3E-8367-87B52F27D153}.Release|x64.Build.0 = Release|x64
		{93F5C37F-A3B3-4E3E-8367-87B52F27D153}.Release|x86.ActiveCfg = Release|x86
		{93F5C37F-A3B3-4E3E-8367-87B52F27D153}.Release|x86.Build.0 = Release|x86
	EndGlobalSection
	GlobalSection(SolutionProperties) = preSolution
		HideSolutionNode = FALSE
	EndGlobalSection
EndGlobal
